
Microsoft Visual Studio Solution File, Format Version 11.00
# Visual Studio 2010
Project("{FAE04EC0-301F-11D3-BF4B-00C04F79EFBC}") = "Ar", "Assembly-CSharp.csproj", "{A3F4FC32-BDD8-CC8B-FCCD-DC3C90255E05}"
EndProject
Project("{FAE04EC0-301F-11D3-BF4B-00C04F79EFBC}") = "Ar", "Assembly-CSharp-Editor.csproj", "{4101DCF9-D96D-F4EA-D6B1-D717E108D22B}"
EndProject
Global
	GlobalSection(SolutionConfigurationPlatforms) = preSolution
		Debug|Any CPU = Debug|Any CPU
		Release|Any CPU = Release|Any CPU
	EndGlobalSection
	GlobalSection(ProjectConfigurationPlatforms) = postSolution
		{A3F4FC32-BDD8-CC8B-FCCD-DC3C90255E05}.Debug|Any CPU.ActiveCfg = Debug|Any CPU
		{A3F4FC32-BDD8-CC8B-FCCD-DC3C90255E05}.Debug|Any CPU.Build.0 = Debug|Any CPU
		{A3F4FC32-BDD8-CC8B-FCCD-DC3C90255E05}.Release|Any CPU.ActiveCfg = Release|Any CPU
		{A3F4FC32-BDD8-CC8B-FCCD-DC3C90255E05}.Release|Any CPU.Build.0 = Release|Any CPU
		{4101DCF9-D96D-F4EA-D6B1-D717E108D22B}.Debug|Any CPU.ActiveCfg = Debug|Any CPU
		{4101DCF9-D96D-F4EA-D6B1-D717E108D22B}.Debug|Any CPU.Build.0 = Debug|Any CPU
		{4101DCF9-D96D-F4EA-D6B1-D717E108D22B}.Release|Any CPU.ActiveCfg = Release|Any CPU
		{4101DCF9-D96D-F4EA-D6B1-D717E108D22B}.Release|Any CPU.Build.0 = Release|Any CPU
	EndGlobalSection
	GlobalSection(SolutionProperties) = preSolution
		HideSolutionNode = FALSE
	EndGlobalSection
	GlobalSection(MonoDevelopProperties) = preSolution
		StartupItem = Assembly-CSharp.csproj
	EndGlobalSection
EndGlobal
