
Microsoft Visual Studio Solution File, Format Version 11.00
# Visual Studio 2010
Project("{FAE04EC0-301F-11D3-BF4B-00C04F79EFBC}") = "AugmentedReality_start_", "Assembly-CSharp.csproj", "{6BCFDCE1-BA96-7223-B886-0044168DFA9E}"
EndProject
Project("{FAE04EC0-301F-11D3-BF4B-00C04F79EFBC}") = "AugmentedReality_start_", "Assembly-CSharp-Editor.csproj", "{9EDCE036-197B-E3E6-B102-8EA46C8EA5E7}"
EndProject
Global
	GlobalSection(SolutionConfigurationPlatforms) = preSolution
		Debug|Any CPU = Debug|Any CPU
		Release|Any CPU = Release|Any CPU
	EndGlobalSection
	GlobalSection(ProjectConfigurationPlatforms) = postSolution
		{6BCFDCE1-BA96-7223-B886-0044168DFA9E}.Debug|Any CPU.ActiveCfg = Debug|Any CPU
		{6BCFDCE1-BA96-7223-B886-0044168DFA9E}.Debug|Any CPU.Build.0 = Debug|Any CPU
		{6BCFDCE1-BA96-7223-B886-0044168DFA9E}.Release|Any CPU.ActiveCfg = Release|Any CPU
		{6BCFDCE1-BA96-7223-B886-0044168DFA9E}.Release|Any CPU.Build.0 = Release|Any CPU
		{9EDCE036-197B-E3E6-B102-8EA46C8EA5E7}.Debug|Any CPU.ActiveCfg = Debug|Any CPU
		{9EDCE036-197B-E3E6-B102-8EA46C8EA5E7}.Debug|Any CPU.Build.0 = Debug|Any CPU
		{9EDCE036-197B-E3E6-B102-8EA46C8EA5E7}.Release|Any CPU.ActiveCfg = Release|Any CPU
		{9EDCE036-197B-E3E6-B102-8EA46C8EA5E7}.Release|Any CPU.Build.0 = Release|Any CPU
	EndGlobalSection
	GlobalSection(SolutionProperties) = preSolution
		HideSolutionNode = FALSE
	EndGlobalSection
	GlobalSection(MonoDevelopProperties) = preSolution
		StartupItem = Assembly-CSharp.csproj
	EndGlobalSection
EndGlobal
